// !$*UTF8*$!
{
	archiveVersion = 1;
	classes = {
	};
	objectVersion = 56;
	objects = {

/* Begin PBXBuildFile section */
		FE43265F2C8F248200D116E8 /* AppDelegate.swift in Sources */ = {isa = PBXBuildFile; fileRef = FE43265E2C8F248200D116E8 /* AppDelegate.swift */; };
		FE4326612C8F248200D116E8 /* SceneDelegate.swift in Sources */ = {isa = PBXBuildFile; fileRef = FE4326602C8F248200D116E8 /* SceneDelegate.swift */; };
		FE4326682C8F248400D116E8 /* Assets.xcassets in Resources */ = {isa = PBXBuildFile; fileRef = FE4326672C8F248400D116E8 /* Assets.xcassets */; };
		FE43266B2C8F248400D116E8 /* LaunchScreen.storyboard in Resources */ = {isa = PBXBuildFile; fileRef = FE4326692C8F248400D116E8 /* LaunchScreen.storyboard */; };
		FE4326752C8F25CA00D116E8 /* BaseCoordinator.swift in Sources */ = {isa = PBXBuildFile; fileRef = FE4326742C8F25CA00D116E8 /* BaseCoordinator.swift */; };
		FE4326772C8F25EE00D116E8 /* AppCoordinator.swift in Sources */ = {isa = PBXBuildFile; fileRef = FE4326762C8F25EE00D116E8 /* AppCoordinator.swift */; };
		FE4326792C8F260F00D116E8 /* MainCoordinator.swift in Sources */ = {isa = PBXBuildFile; fileRef = FE4326782C8F260F00D116E8 /* MainCoordinator.swift */; };
		FE43267C2C8F266600D116E8 /* SearchViewModel.swift in Sources */ = {isa = PBXBuildFile; fileRef = FE43267B2C8F266600D116E8 /* SearchViewModel.swift */; };
		FE43267E2C8F267100D116E8 /* SearchViewController.swift in Sources */ = {isa = PBXBuildFile; fileRef = FE43267D2C8F267100D116E8 /* SearchViewController.swift */; };
		FE4326822C8F2BC100D116E8 /* LoadImage.swift in Sources */ = {isa = PBXBuildFile; fileRef = FE4326812C8F2BC100D116E8 /* LoadImage.swift */; };
		FE4326842C8F322E00D116E8 /* SearchModel.swift in Sources */ = {isa = PBXBuildFile; fileRef = FE4326832C8F322E00D116E8 /* SearchModel.swift */; };
/* End PBXBuildFile section */

/* Begin PBXFileReference section */
		FE43265B2C8F248200D116E8 /* Test-vacc-Avito.app */ = {isa = PBXFileReference; explicitFileType = wrapper.application; includeInIndex = 0; path = "Test-vacc-Avito.app"; sourceTree = BUILT_PRODUCTS_DIR; };
		FE43265E2C8F248200D116E8 /* AppDelegate.swift */ = {isa = PBXFileReference; lastKnownFileType = sourcecode.swift; path = AppDelegate.swift; sourceTree = "<group>"; };
		FE4326602C8F248200D116E8 /* SceneDelegate.swift */ = {isa = PBXFileReference; lastKnownFileType = sourcecode.swift; path = SceneDelegate.swift; sourceTree = "<group>"; };
		FE4326672C8F248400D116E8 /* Assets.xcassets */ = {isa = PBXFileReference; lastKnownFileType = folder.assetcatalog; path = Assets.xcassets; sourceTree = "<group>"; };
		FE43266A2C8F248400D116E8 /* Base */ = {isa = PBXFileReference; lastKnownFileType = file.storyboard; name = Base; path = Base.lproj/LaunchScreen.storyboard; sourceTree = "<group>"; };
		FE43266C2C8F248400D116E8 /* Info.plist */ = {isa = PBXFileReference; lastKnownFileType = text.plist.xml; path = Info.plist; sourceTree = "<group>"; };
		FE4326742C8F25CA00D116E8 /* BaseCoordinator.swift */ = {isa = PBXFileReference; lastKnownFileType = sourcecode.swift; path = BaseCoordinator.swift; sourceTree = "<group>"; };
		FE4326762C8F25EE00D116E8 /* AppCoordinator.swift */ = {isa = PBXFileReference; lastKnownFileType = sourcecode.swift; path = AppCoordinator.swift; sourceTree = "<group>"; };
		FE4326782C8F260F00D116E8 /* MainCoordinator.swift */ = {isa = PBXFileReference; lastKnownFileType = sourcecode.swift; path = MainCoordinator.swift; sourceTree = "<group>"; };
		FE43267B2C8F266600D116E8 /* SearchViewModel.swift */ = {isa = PBXFileReference; lastKnownFileType = sourcecode.swift; path = SearchViewModel.swift; sourceTree = "<group>"; };
		FE43267D2C8F267100D116E8 /* SearchViewController.swift */ = {isa = PBXFileReference; lastKnownFileType = sourcecode.swift; path = SearchViewController.swift; sourceTree = "<group>"; };
		FE4326812C8F2BC100D116E8 /* LoadImage.swift */ = {isa = PBXFileReference; lastKnownFileType = sourcecode.swift; path = LoadImage.swift; sourceTree = "<group>"; };
		FE4326832C8F322E00D116E8 /* SearchModel.swift */ = {isa = PBXFileReference; lastKnownFileType = sourcecode.swift; path = SearchModel.swift; sourceTree = "<group>"; };
/* End PBXFileReference section */

/* Begin PBXFrameworksBuildPhase section */
		FE4326582C8F248200D116E8 /* Frameworks */ = {
			isa = PBXFrameworksBuildPhase;
			buildActionMask = 2147483647;
			files = (
			);
			runOnlyForDeploymentPostprocessing = 0;
		};
/* End PBXFrameworksBuildPhase section */

/* Begin PBXGroup section */
		FE4326522C8F248200D116E8 = {
			isa = PBXGroup;
			children = (
				FE43265D2C8F248200D116E8 /* Test-vacc-Avito */,
				FE43265C2C8F248200D116E8 /* Products */,
			);
			sourceTree = "<group>";
		};
		FE43265C2C8F248200D116E8 /* Products */ = {
			isa = PBXGroup;
			children = (
				FE43265B2C8F248200D116E8 /* Test-vacc-Avito.app */,
			);
			name = Products;
			sourceTree = "<group>";
		};
		FE43265D2C8F248200D116E8 /* Test-vacc-Avito */ = {
			isa = PBXGroup;
			children = (
				FE4326802C8F2BB300D116E8 /* Service */,
				FE43267A2C8F265800D116E8 /* SearchScreen */,
				FE4326732C8F25B600D116E8 /* NavigationLayer */,
				FE43267F2C8F290100D116E8 /* Application */,
				FE4326722C8F249400D116E8 /* Support */,
				FE43266C2C8F248400D116E8 /* Info.plist */,
			);
			path = "Test-vacc-Avito";
			sourceTree = "<group>";
		};
		FE4326722C8F249400D116E8 /* Support */ = {
			isa = PBXGroup;
			children = (
				FE4326672C8F248400D116E8 /* Assets.xcassets */,
				FE4326692C8F248400D116E8 /* LaunchScreen.storyboard */,
			);
			path = Support;
			sourceTree = "<group>";
		};
		FE4326732C8F25B600D116E8 /* NavigationLayer */ = {
			isa = PBXGroup;
			children = (
				FE4326742C8F25CA00D116E8 /* BaseCoordinator.swift */,
				FE4326762C8F25EE00D116E8 /* AppCoordinator.swift */,
				FE4326782C8F260F00D116E8 /* MainCoordinator.swift */,
			);
			path = NavigationLayer;
			sourceTree = "<group>";
		};
		FE43267A2C8F265800D116E8 /* SearchScreen */ = {
			isa = PBXGroup;
			children = (
				FE43267B2C8F266600D116E8 /* SearchViewModel.swift */,
				FE43267D2C8F267100D116E8 /* SearchViewController.swift */,
				FE4326832C8F322E00D116E8 /* SearchModel.swift */,
			);
			path = SearchScreen;
			sourceTree = "<group>";
		};
		FE43267F2C8F290100D116E8 /* Application */ = {
			isa = PBXGroup;
			children = (
				FE43265E2C8F248200D116E8 /* AppDelegate.swift */,
				FE4326602C8F248200D116E8 /* SceneDelegate.swift */,
			);
			path = Application;
			sourceTree = "<group>";
		};
		FE4326802C8F2BB300D116E8 /* Service */ = {
			isa = PBXGroup;
			children = (
				FE4326812C8F2BC100D116E8 /* LoadImage.swift */,
			);
			path = Service;
			sourceTree = "<group>";
		};
/* End PBXGroup section */

/* Begin PBXNativeTarget section */
		FE43265A2C8F248200D116E8 /* Test-vacc-Avito */ = {
			isa = PBXNativeTarget;
			buildConfigurationList = FE43266F2C8F248400D116E8 /* Build configuration list for PBXNativeTarget "Test-vacc-Avito" */;
			buildPhases = (
				FE4326572C8F248200D116E8 /* Sources */,
				FE4326582C8F248200D116E8 /* Frameworks */,
				FE4326592C8F248200D116E8 /* Resources */,
			);
			buildRules = (
			);
			dependencies = (
			);
			name = "Test-vacc-Avito";
			productName = "Test-vacc-Avito";
			productReference = FE43265B2C8F248200D116E8 /* Test-vacc-Avito.app */;
			productType = "com.apple.product-type.application";
		};
/* End PBXNativeTarget section */

/* Begin PBXProject section */
		FE4326532C8F248200D116E8 /* Project object */ = {
			isa = PBXProject;
			attributes = {
				BuildIndependentTargetsInParallel = 1;
				LastSwiftUpdateCheck = 1520;
				LastUpgradeCheck = 1520;
				TargetAttributes = {
					FE43265A2C8F248200D116E8 = {
						CreatedOnToolsVersion = 15.2;
					};
				};
			};
			buildConfigurationList = FE4326562C8F248200D116E8 /* Build configuration list for PBXProject "Test-vacc-Avito" */;
			compatibilityVersion = "Xcode 14.0";
			developmentRegion = en;
			hasScannedForEncodings = 0;
			knownRegions = (
				en,
				Base,
			);
			mainGroup = FE4326522C8F248200D116E8;
			productRefGroup = FE43265C2C8F248200D116E8 /* Products */;
			projectDirPath = "";
			projectRoot = "";
			targets = (
				FE43265A2C8F248200D116E8 /* Test-vacc-Avito */,
			);
		};
/* End PBXProject section */

/* Begin PBXResourcesBuildPhase section */
		FE4326592C8F248200D116E8 /* Resources */ = {
			isa = PBXResourcesBuildPhase;
			buildActionMask = 2147483647;
			files = (
				FE43266B2C8F248400D116E8 /* LaunchScreen.storyboard in Resources */,
				FE4326682C8F248400D116E8 /* Assets.xcassets in Resources */,
			);
			runOnlyForDeploymentPostprocessing = 0;
		};
/* End PBXResourcesBuildPhase section */

/* Begin PBXSourcesBuildPhase section */
		FE4326572C8F248200D116E8 /* Sources */ = {
			isa = PBXSourcesBuildPhase;
			buildActionMask = 2147483647;
			files = (
				FE43267C2C8F266600D116E8 /* SearchViewModel.swift in Sources */,
				FE43267E2C8F267100D116E8 /* SearchViewController.swift in Sources */,
				FE4326792C8F260F00D116E8 /* MainCoordinator.swift in Sources */,
				FE4326842C8F322E00D116E8 /* SearchModel.swift in Sources */,
				FE43265F2C8F248200D116E8 /* AppDelegate.swift in Sources */,
				FE4326772C8F25EE00D116E8 /* AppCoordinator.swift in Sources */,
				FE4326822C8F2BC100D116E8 /* LoadImage.swift in Sources */,
				FE4326612C8F248200D116E8 /* SceneDelegate.swift in Sources */,
				FE4326752C8F25CA00D116E8 /* BaseCoordinator.swift in Sources */,
			);
			runOnlyForDeploymentPostprocessing = 0;
		};
/* End PBXSourcesBuildPhase section */

/* Begin PBXVariantGroup section */
		FE4326692C8F248400D116E8 /* LaunchScreen.storyboard */ = {
			isa = PBXVariantGroup;
			children = (
				FE43266A2C8F248400D116E8 /* Base */,
			);
			name = LaunchScreen.storyboard;
			sourceTree = "<group>";
		};
/* End PBXVariantGroup section */

/* Begin XCBuildConfiguration section */
		FE43266D2C8F248400D116E8 /* Debug */ = {
			isa = XCBuildConfiguration;
			buildSettings = {
				ALWAYS_SEARCH_USER_PATHS = NO;
				ASSETCATALOG_COMPILER_GENERATE_SWIFT_ASSET_SYMBOL_EXTENSIONS = YES;
				CLANG_ANALYZER_NONNULL = YES;
				CLANG_ANALYZER_NUMBER_OBJECT_CONVERSION = YES_AGGRESSIVE;
				CLANG_CXX_LANGUAGE_STANDARD = "gnu++20";
				CLANG_ENABLE_MODULES = YES;
				CLANG_ENABLE_OBJC_ARC = YES;
				CLANG_ENABLE_OBJC_WEAK = YES;
				CLANG_WARN_BLOCK_CAPTURE_AUTORELEASING = YES;
				CLANG_WARN_BOOL_CONVERSION = YES;
				CLANG_WARN_COMMA = YES;
				CLANG_WARN_CONSTANT_CONVERSION = YES;
				CLANG_WARN_DEPRECATED_OBJC_IMPLEMENTATIONS = YES;
				CLANG_WARN_DIRECT_OBJC_ISA_USAGE = YES_ERROR;
				CLANG_WARN_DOCUMENTATION_COMMENTS = YES;
				CLANG_WARN_EMPTY_BODY = YES;
				CLANG_WARN_ENUM_CONVERSION = YES;
				CLANG_WARN_INFINITE_RECURSION = YES;
				CLANG_WARN_INT_CONVERSION = YES;
				CLANG_WARN_NON_LITERAL_NULL_CONVERSION = YES;
				CLANG_WARN_OBJC_IMPLICIT_RETAIN_SELF = YES;
				CLANG_WARN_OBJC_LITERAL_CONVERSION = YES;
				CLANG_WARN_OBJC_ROOT_CLASS = YES_ERROR;
				CLANG_WARN_QUOTED_INCLUDE_IN_FRAMEWORK_HEADER = YES;
				CLANG_WARN_RANGE_LOOP_ANALYSIS = YES;
				CLANG_WARN_STRICT_PROTOTYPES = YES;
				CLANG_WARN_SUSPICIOUS_MOVE = YES;
				CLANG_WARN_UNGUARDED_AVAILABILITY = YES_AGGRESSIVE;
				CLANG_WARN_UNREACHABLE_CODE = YES;
				CLANG_WARN__DUPLICATE_METHOD_MATCH = YES;
				COPY_PHASE_STRIP = NO;
				DEBUG_INFORMATION_FORMAT = dwarf;
				ENABLE_STRICT_OBJC_MSGSEND = YES;
				ENABLE_TESTABILITY = YES;
				ENABLE_USER_SCRIPT_SANDBOXING = YES;
				GCC_C_LANGUAGE_STANDARD = gnu17;
				GCC_DYNAMIC_NO_PIC = NO;
				GCC_NO_COMMON_BLOCKS = YES;
				GCC_OPTIMIZATION_LEVEL = 0;
				GCC_PREPROCESSOR_DEFINITIONS = (
					"DEBUG=1",
					"$(inherited)",
				);
				GCC_WARN_64_TO_32_BIT_CONVERSION = YES;
				GCC_WARN_ABOUT_RETURN_TYPE = YES_ERROR;
				GCC_WARN_UNDECLARED_SELECTOR = YES;
				GCC_WARN_UNINITIALIZED_AUTOS = YES_AGGRESSIVE;
				GCC_WARN_UNUSED_FUNCTION = YES;
				GCC_WARN_UNUSED_VARIABLE = YES;
				IPHONEOS_DEPLOYMENT_TARGET = 17.2;
				LOCALIZATION_PREFERS_STRING_CATALOGS = YES;
				MTL_ENABLE_DEBUG_INFO = INCLUDE_SOURCE;
				MTL_FAST_MATH = YES;
				ONLY_ACTIVE_ARCH = YES;
				SDKROOT = iphoneos;
				SWIFT_ACTIVE_COMPILATION_CONDITIONS = "DEBUG $(inherited)";
				SWIFT_OPTIMIZATION_LEVEL = "-Onone";
			};
			name = Debug;
		};
		FE43266E2C8F248400D116E8 /* Release */ = {
			isa = XCBuildConfiguration;
			buildSettings = {
				ALWAYS_SEARCH_USER_PATHS = NO;
				ASSETCATALOG_COMPILER_GENERATE_SWIFT_ASSET_SYMBOL_EXTENSIONS = YES;
				CLANG_ANALYZER_NONNULL = YES;
				CLANG_ANALYZER_NUMBER_OBJECT_CONVERSION = YES_AGGRESSIVE;
				CLANG_CXX_LANGUAGE_STANDARD = "gnu++20";
				CLANG_ENABLE_MODULES = YES;
				CLANG_ENABLE_OBJC_ARC = YES;
				CLANG_ENABLE_OBJC_WEAK = YES;
				CLANG_WARN_BLOCK_CAPTURE_AUTORELEASING = YES;
				CLANG_WARN_BOOL_CONVERSION = YES;
				CLANG_WARN_COMMA = YES;
				CLANG_WARN_CONSTANT_CONVERSION = YES;
				CLANG_WARN_DEPRECATED_OBJC_IMPLEMENTATIONS = YES;
				CLANG_WARN_DIRECT_OBJC_ISA_USAGE = YES_ERROR;
				CLANG_WARN_DOCUMENTATION_COMMENTS = YES;
				CLANG_WARN_EMPTY_BODY = YES;
				CLANG_WARN_ENUM_CONVERSION = YES;
				CLANG_WARN_INFINITE_RECURSION = YES;
				CLANG_WARN_INT_CONVERSION = YES;
				CLANG_WARN_NON_LITERAL_NULL_CONVERSION = YES;
				CLANG_WARN_OBJC_IMPLICIT_RETAIN_SELF = YES;
				CLANG_WARN_OBJC_LITERAL_CONVERSION = YES;
				CLANG_WARN_OBJC_ROOT_CLASS = YES_ERROR;
				CLANG_WARN_QUOTED_INCLUDE_IN_FRAMEWORK_HEADER = YES;
				CLANG_WARN_RANGE_LOOP_ANALYSIS = YES;
				CLANG_WARN_STRICT_PROTOTYPES = YES;
				CLANG_WARN_SUSPICIOUS_MOVE = YES;
				CLANG_WARN_UNGUARDED_AVAILABILITY = YES_AGGRESSIVE;
				CLANG_WARN_UNREACHABLE_CODE = YES;
				CLANG_WARN__DUPLICATE_METHOD_MATCH = YES;
				COPY_PHASE_STRIP = NO;
				DEBUG_INFORMATION_FORMAT = "dwarf-with-dsym";
				ENABLE_NS_ASSERTIONS = NO;
				ENABLE_STRICT_OBJC_MSGSEND = YES;
				ENABLE_USER_SCRIPT_SANDBOXING = YES;
				GCC_C_LANGUAGE_STANDARD = gnu17;
				GCC_NO_COMMON_BLOCKS = YES;
				GCC_WARN_64_TO_32_BIT_CONVERSION = YES;
				GCC_WARN_ABOUT_RETURN_TYPE = YES_ERROR;
				GCC_WARN_UNDECLARED_SELECTOR = YES;
				GCC_WARN_UNINITIALIZED_AUTOS = YES_AGGRESSIVE;
				GCC_WARN_UNUSED_FUNCTION = YES;
				GCC_WARN_UNUSED_VARIABLE = YES;
				IPHONEOS_DEPLOYMENT_TARGET = 17.2;
				LOCALIZATION_PREFERS_STRING_CATALOGS = YES;
				MTL_ENABLE_DEBUG_INFO = NO;
				MTL_FAST_MATH = YES;
				SDKROOT = iphoneos;
				SWIFT_COMPILATION_MODE = wholemodule;
				VALIDATE_PRODUCT = YES;
			};
			name = Release;
		};
		FE4326702C8F248400D116E8 /* Debug */ = {
			isa = XCBuildConfiguration;
			buildSettings = {
				ASSETCATALOG_COMPILER_APPICON_NAME = AppIcon;
				ASSETCATALOG_COMPILER_GLOBAL_ACCENT_COLOR_NAME = AccentColor;
				CODE_SIGN_STYLE = Automatic;
				CURRENT_PROJECT_VERSION = 1;
				DEVELOPMENT_TEAM = 84HMKC95WY;
				GENERATE_INFOPLIST_FILE = YES;
				INFOPLIST_FILE = "Test-vacc-Avito/Info.plist";
				INFOPLIST_KEY_UIApplicationSupportsIndirectInputEvents = YES;
				INFOPLIST_KEY_UILaunchStoryboardName = LaunchScreen;
				INFOPLIST_KEY_UISupportedInterfaceOrientations_iPad = "UIInterfaceOrientationPortrait UIInterfaceOrientationPortraitUpsideDown UIInterfaceOrientationLandscapeLeft UIInterfaceOrientationLandscapeRight";
				INFOPLIST_KEY_UISupportedInterfaceOrientations_iPhone = "UIInterfaceOrientationPortrait UIInterfaceOrientationLandscapeLeft UIInterfaceOrientationLandscapeRight";
				IPHONEOS_DEPLOYMENT_TARGET = 16.0;
				LD_RUNPATH_SEARCH_PATHS = (
					"$(inherited)",
					"@executable_path/Frameworks",
				);
				MARKETING_VERSION = 1.0;
				PRODUCT_BUNDLE_IDENTIFIER = "Allison.Test-vacc-Avito";
				PRODUCT_NAME = "$(TARGET_NAME)";
				SUPPORTED_PLATFORMS = "iphoneos iphonesimulator";
				SUPPORTS_MACCATALYST = NO;
				SUPPORTS_MAC_DESIGNED_FOR_IPHONE_IPAD = NO;
				SUPPORTS_XR_DESIGNED_FOR_IPHONE_IPAD = NO;
				SWIFT_EMIT_LOC_STRINGS = YES;
				SWIFT_VERSION = 5.0;
				TARGETED_DEVICE_FAMILY = 1;
			};
			name = Debug;
		};
		FE4326712C8F248400D116E8 /* Release */ = {
			isa = XCBuildConfiguration;
			buildSettings = {
				ASSETCATALOG_COMPILER_APPICON_NAME = AppIcon;
				ASSETCATALOG_COMPILER_GLOBAL_ACCENT_COLOR_NAME = AccentColor;
				CODE_SIGN_STYLE = Automatic;
				CURRENT_PROJECT_VERSION = 1;
				DEVELOPMENT_TEAM = 84HMKC95WY;
				GENERATE_INFOPLIST_FILE = YES;
				INFOPLIST_FILE = "Test-vacc-Avito/Info.plist";
				INFOPLIST_KEY_UIApplicationSupportsIndirectInputEvents = YES;
				INFOPLIST_KEY_UILaunchStoryboardName = LaunchScreen;
				INFOPLIST_KEY_UISupportedInterfaceOrientations_iPad = "UIInterfaceOrientationPortrait UIInterfaceOrientationPortraitUpsideDown UIInterfaceOrientationLandscapeLeft UIInterfaceOrientationLandscapeRight";
				INFOPLIST_KEY_UISupportedInterfaceOrientations_iPhone = "UIInterfaceOrientationPortrait UIInterfaceOrientationLandscapeLeft UIInterfaceOrientationLandscapeRight";
				IPHONEOS_DEPLOYMENT_TARGET = 16.0;
				LD_RUNPATH_SEARCH_PATHS = (
					"$(inherited)",
					"@executable_path/Frameworks",
				);
				MARKETING_VERSION = 1.0;
				PRODUCT_BUNDLE_IDENTIFIER = "Allison.Test-vacc-Avito";
				PRODUCT_NAME = "$(TARGET_NAME)";
				SUPPORTED_PLATFORMS = "iphoneos iphonesimulator";
				SUPPORTS_MACCATALYST = NO;
				SUPPORTS_MAC_DESIGNED_FOR_IPHONE_IPAD = NO;
				SUPPORTS_XR_DESIGNED_FOR_IPHONE_IPAD = NO;
				SWIFT_EMIT_LOC_STRINGS = YES;
				SWIFT_VERSION = 5.0;
				TARGETED_DEVICE_FAMILY = 1;
			};
			name = Release;
		};
/* End XCBuildConfiguration section */

/* Begin XCConfigurationList section */
		FE4326562C8F248200D116E8 /* Build configuration list for PBXProject "Test-vacc-Avito" */ = {
			isa = XCConfigurationList;
			buildConfigurations = (
				FE43266D2C8F248400D116E8 /* Debug */,
				FE43266E2C8F248400D116E8 /* Release */,
			);
			defaultConfigurationIsVisible = 0;
			defaultConfigurationName = Release;
		};
		FE43266F2C8F248400D116E8 /* Build configuration list for PBXNativeTarget "Test-vacc-Avito" */ = {
			isa = XCConfigurationList;
			buildConfigurations = (
				FE4326702C8F248400D116E8 /* Debug */,
				FE4326712C8F248400D116E8 /* Release */,
			);
			defaultConfigurationIsVisible = 0;
			defaultConfigurationName = Release;
		};
/* End XCConfigurationList section */
	};
	rootObject = FE4326532C8F248200D116E8 /* Project object */;
}
