// !$*UTF8*$!
{
	archiveVersion = 1;
	classes = {
	};
	objectVersion = 56;
	objects = {

/* Begin PBXBuildFile section */
		FE43265F2C8F248200D116E8 /* AppDelegate.swift in Sources */ = {isa = PBXBuildFile; fileRef = FE43265E2C8F248200D116E8 /* AppDelegate.swift */; };
		FE4326612C8F248200D116E8 /* SceneDelegate.swift in Sources */ = {isa = PBXBuildFile; fileRef = FE4326602C8F248200D116E8 /* SceneDelegate.swift */; };
		FE4326682C8F248400D116E8 /* Assets.xcassets in Resources */ = {isa = PBXBuildFile; fileRef = FE4326672C8F248400D116E8 /* Assets.xcassets */; };
		FE43266B2C8F248400D116E8 /* LaunchScreen.storyboard in Resources */ = {isa = PBXBuildFile; fileRef = FE4326692C8F248400D116E8 /* LaunchScreen.storyboard */; };
		FE4326752C8F25CA00D116E8 /* BaseCoordinator.swift in Sources */ = {isa = PBXBuildFile; fileRef = FE4326742C8F25CA00D116E8 /* BaseCoordinator.swift */; };
		FE4326772C8F25EE00D116E8 /* AppCoordinator.swift in Sources */ = {isa = PBXBuildFile; fileRef = FE4326762C8F25EE00D116E8 /* AppCoordinator.swift */; };
		FE4326792C8F260F00D116E8 /* MainCoordinator.swift in Sources */ = {isa = PBXBuildFile; fileRef = FE4326782C8F260F00D116E8 /* MainCoordinator.swift */; };
		FE43267C2C8F266600D116E8 /* SearchViewModel.swift in Sources */ = {isa = PBXBuildFile; fileRef = FE43267B2C8F266600D116E8 /* SearchViewModel.swift */; };
		FE43267E2C8F267100D116E8 /* SearchViewController.swift in Sources */ = {isa = PBXBuildFile; fileRef = FE43267D2C8F267100D116E8 /* SearchViewController.swift */; };
		FE4326822C8F2BC100D116E8 /* NetworkService.swift in Sources */ = {isa = PBXBuildFile; fileRef = FE4326812C8F2BC100D116E8 /* NetworkService.swift */; };
		FE4326842C8F322E00D116E8 /* SearchModel.swift in Sources */ = {isa = PBXBuildFile; fileRef = FE4326832C8F322E00D116E8 /* SearchModel.swift */; };
		FE4326872C8F364200D116E8 /* PhotoCell.swift in Sources */ = {isa = PBXBuildFile; fileRef = FE4326862C8F364200D116E8 /* PhotoCell.swift */; };
		FE4326892C8F3E7A00D116E8 /* ImageLoader.swift in Sources */ = {isa = PBXBuildFile; fileRef = FE4326882C8F3E7A00D116E8 /* ImageLoader.swift */; };
		FE43268C2C8F7A4700D116E8 /* DetailViewController.swift in Sources */ = {isa = PBXBuildFile; fileRef = FE43268B2C8F7A4700D116E8 /* DetailViewController.swift */; };
		FE43268F2C8F7E4A00D116E8 /* DetailViewModel.swift in Sources */ = {isa = PBXBuildFile; fileRef = FE43268E2C8F7E4A00D116E8 /* DetailViewModel.swift */; };
		FE4326922C8F84ED00D116E8 /* LoadingAnimate.swift in Sources */ = {isa = PBXBuildFile; fileRef = FE4326912C8F84ED00D116E8 /* LoadingAnimate.swift */; };
		FE4326962C8FC5A200D116E8 /* DetailStubView.swift in Sources */ = {isa = PBXBuildFile; fileRef = FE4326952C8FC5A200D116E8 /* DetailStubView.swift */; };
		FE43269A2C90F7F400D116E8 /* MansoryLayout.swift in Sources */ = {isa = PBXBuildFile; fileRef = FE4326992C90F7F400D116E8 /* MansoryLayout.swift */; };
		FE43269D2C9122A700D116E8 /* SettingViewController.swift in Sources */ = {isa = PBXBuildFile; fileRef = FE43269C2C9122A700D116E8 /* SettingViewController.swift */; };
		FE43269F2C9125D700D116E8 /* SectionModel.swift in Sources */ = {isa = PBXBuildFile; fileRef = FE43269E2C9125D700D116E8 /* SectionModel.swift */; };
		FE4326A12C912A1F00D116E8 /* Colors.swift in Sources */ = {isa = PBXBuildFile; fileRef = FE4326A02C912A1F00D116E8 /* Colors.swift */; };
		FE4326A32C912BAA00D116E8 /* ColorSettingTableViewCell.swift in Sources */ = {isa = PBXBuildFile; fileRef = FE4326A22C912BAA00D116E8 /* ColorSettingTableViewCell.swift */; };
		FE4326A62C9130D200D116E8 /* ExtensionColor.swift in Sources */ = {isa = PBXBuildFile; fileRef = FE4326A52C9130D200D116E8 /* ExtensionColor.swift */; };
		FE4326A82C913BBB00D116E8 /* CustomCheckmarkView.swift in Sources */ = {isa = PBXBuildFile; fileRef = FE4326A72C913BBB00D116E8 /* CustomCheckmarkView.swift */; };
		FE4326AA2C913C1700D116E8 /* CustomTableViewCell.swift in Sources */ = {isa = PBXBuildFile; fileRef = FE4326A92C913C1700D116E8 /* CustomTableViewCell.swift */; };
		FE4326AE2C91E0EE00D116E8 /* TopicModel.swift in Sources */ = {isa = PBXBuildFile; fileRef = FE4326AD2C91E0EE00D116E8 /* TopicModel.swift */; };
		FE4326B02C920FA300D116E8 /* TopicCell.swift in Sources */ = {isa = PBXBuildFile; fileRef = FE4326AF2C920FA300D116E8 /* TopicCell.swift */; };
		FE4326B22C9225D100D116E8 /* PartialModalView.swift in Sources */ = {isa = PBXBuildFile; fileRef = FE4326B12C9225D100D116E8 /* PartialModalView.swift */; };
		FE4326BA2C92610500D116E8 /* UserDefaults.swift in Sources */ = {isa = PBXBuildFile; fileRef = FE4326B92C92610500D116E8 /* UserDefaults.swift */; };
		FE4326C12C936E5E00D116E8 /* SearchParameters.swift in Sources */ = {isa = PBXBuildFile; fileRef = FE4326C02C936E5E00D116E8 /* SearchParameters.swift */; };
/* End PBXBuildFile section */

/* Begin PBXFileReference section */
		FE43265B2C8F248200D116E8 /* Test-vacc-Avito.app */ = {isa = PBXFileReference; explicitFileType = wrapper.application; includeInIndex = 0; path = "Test-vacc-Avito.app"; sourceTree = BUILT_PRODUCTS_DIR; };
		FE43265E2C8F248200D116E8 /* AppDelegate.swift */ = {isa = PBXFileReference; lastKnownFileType = sourcecode.swift; path = AppDelegate.swift; sourceTree = "<group>"; };
		FE4326602C8F248200D116E8 /* SceneDelegate.swift */ = {isa = PBXFileReference; lastKnownFileType = sourcecode.swift; path = SceneDelegate.swift; sourceTree = "<group>"; };
		FE4326672C8F248400D116E8 /* Assets.xcassets */ = {isa = PBXFileReference; lastKnownFileType = folder.assetcatalog; path = Assets.xcassets; sourceTree = "<group>"; };
		FE43266A2C8F248400D116E8 /* Base */ = {isa = PBXFileReference; lastKnownFileType = file.storyboard; name = Base; path = Base.lproj/LaunchScreen.storyboard; sourceTree = "<group>"; };
		FE43266C2C8F248400D116E8 /* Info.plist */ = {isa = PBXFileReference; lastKnownFileType = text.plist.xml; path = Info.plist; sourceTree = "<group>"; };
		FE4326742C8F25CA00D116E8 /* BaseCoordinator.swift */ = {isa = PBXFileReference; lastKnownFileType = sourcecode.swift; path = BaseCoordinator.swift; sourceTree = "<group>"; };
		FE4326762C8F25EE00D116E8 /* AppCoordinator.swift */ = {isa = PBXFileReference; lastKnownFileType = sourcecode.swift; path = AppCoordinator.swift; sourceTree = "<group>"; };
		FE4326782C8F260F00D116E8 /* MainCoordinator.swift */ = {isa = PBXFileReference; lastKnownFileType = sourcecode.swift; path = MainCoordinator.swift; sourceTree = "<group>"; };
		FE43267B2C8F266600D116E8 /* SearchViewModel.swift */ = {isa = PBXFileReference; lastKnownFileType = sourcecode.swift; path = SearchViewModel.swift; sourceTree = "<group>"; };
		FE43267D2C8F267100D116E8 /* SearchViewController.swift */ = {isa = PBXFileReference; lastKnownFileType = sourcecode.swift; path = SearchViewController.swift; sourceTree = "<group>"; };
		FE4326812C8F2BC100D116E8 /* NetworkService.swift */ = {isa = PBXFileReference; lastKnownFileType = sourcecode.swift; path = NetworkService.swift; sourceTree = "<group>"; };
		FE4326832C8F322E00D116E8 /* SearchModel.swift */ = {isa = PBXFileReference; lastKnownFileType = sourcecode.swift; path = SearchModel.swift; sourceTree = "<group>"; };
		FE4326862C8F364200D116E8 /* PhotoCell.swift */ = {isa = PBXFileReference; lastKnownFileType = sourcecode.swift; path = PhotoCell.swift; sourceTree = "<group>"; };
		FE4326882C8F3E7A00D116E8 /* ImageLoader.swift */ = {isa = PBXFileReference; lastKnownFileType = sourcecode.swift; path = ImageLoader.swift; sourceTree = "<group>"; };
		FE43268B2C8F7A4700D116E8 /* DetailViewController.swift */ = {isa = PBXFileReference; lastKnownFileType = sourcecode.swift; path = DetailViewController.swift; sourceTree = "<group>"; };
		FE43268E2C8F7E4A00D116E8 /* DetailViewModel.swift */ = {isa = PBXFileReference; lastKnownFileType = sourcecode.swift; path = DetailViewModel.swift; sourceTree = "<group>"; };
		FE4326912C8F84ED00D116E8 /* LoadingAnimate.swift */ = {isa = PBXFileReference; lastKnownFileType = sourcecode.swift; path = LoadingAnimate.swift; sourceTree = "<group>"; };
		FE4326952C8FC5A200D116E8 /* DetailStubView.swift */ = {isa = PBXFileReference; lastKnownFileType = sourcecode.swift; path = DetailStubView.swift; sourceTree = "<group>"; };
		FE4326992C90F7F400D116E8 /* MansoryLayout.swift */ = {isa = PBXFileReference; lastKnownFileType = sourcecode.swift; path = MansoryLayout.swift; sourceTree = "<group>"; };
		FE43269C2C9122A700D116E8 /* SettingViewController.swift */ = {isa = PBXFileReference; lastKnownFileType = sourcecode.swift; path = SettingViewController.swift; sourceTree = "<group>"; };
		FE43269E2C9125D700D116E8 /* SectionModel.swift */ = {isa = PBXFileReference; lastKnownFileType = sourcecode.swift; path = SectionModel.swift; sourceTree = "<group>"; };
		FE4326A02C912A1F00D116E8 /* Colors.swift */ = {isa = PBXFileReference; lastKnownFileType = sourcecode.swift; path = Colors.swift; sourceTree = "<group>"; };
		FE4326A22C912BAA00D116E8 /* ColorSettingTableViewCell.swift */ = {isa = PBXFileReference; lastKnownFileType = sourcecode.swift; path = ColorSettingTableViewCell.swift; sourceTree = "<group>"; };
		FE4326A52C9130D200D116E8 /* ExtensionColor.swift */ = {isa = PBXFileReference; lastKnownFileType = sourcecode.swift; path = ExtensionColor.swift; sourceTree = "<group>"; };
		FE4326A72C913BBB00D116E8 /* CustomCheckmarkView.swift */ = {isa = PBXFileReference; lastKnownFileType = sourcecode.swift; path = CustomCheckmarkView.swift; sourceTree = "<group>"; };
		FE4326A92C913C1700D116E8 /* CustomTableViewCell.swift */ = {isa = PBXFileReference; lastKnownFileType = sourcecode.swift; path = CustomTableViewCell.swift; sourceTree = "<group>"; };
		FE4326AD2C91E0EE00D116E8 /* TopicModel.swift */ = {isa = PBXFileReference; lastKnownFileType = sourcecode.swift; path = TopicModel.swift; sourceTree = "<group>"; };
		FE4326AF2C920FA300D116E8 /* TopicCell.swift */ = {isa = PBXFileReference; lastKnownFileType = sourcecode.swift; path = TopicCell.swift; sourceTree = "<group>"; };
		FE4326B12C9225D100D116E8 /* PartialModalView.swift */ = {isa = PBXFileReference; lastKnownFileType = sourcecode.swift; path = PartialModalView.swift; sourceTree = "<group>"; };
		FE4326B92C92610500D116E8 /* UserDefaults.swift */ = {isa = PBXFileReference; lastKnownFileType = sourcecode.swift; path = UserDefaults.swift; sourceTree = "<group>"; };
		FE4326C02C936E5E00D116E8 /* SearchParameters.swift */ = {isa = PBXFileReference; lastKnownFileType = sourcecode.swift; path = SearchParameters.swift; sourceTree = "<group>"; };
/* End PBXFileReference section */

/* Begin PBXFrameworksBuildPhase section */
		FE4326582C8F248200D116E8 /* Frameworks */ = {
			isa = PBXFrameworksBuildPhase;
			buildActionMask = 2147483647;
			files = (
			);
			runOnlyForDeploymentPostprocessing = 0;
		};
/* End PBXFrameworksBuildPhase section */

/* Begin PBXGroup section */
		FE4326522C8F248200D116E8 = {
			isa = PBXGroup;
			children = (
				FE43265D2C8F248200D116E8 /* Test-vacc-Avito */,
				FE43265C2C8F248200D116E8 /* Products */,
			);
			sourceTree = "<group>";
		};
		FE43265C2C8F248200D116E8 /* Products */ = {
			isa = PBXGroup;
			children = (
				FE43265B2C8F248200D116E8 /* Test-vacc-Avito.app */,
			);
			name = Products;
			sourceTree = "<group>";
		};
		FE43265D2C8F248200D116E8 /* Test-vacc-Avito */ = {
			isa = PBXGroup;
			children = (
				FE43269B2C91228D00D116E8 /* SettingScreen */,
				FE4326902C8F84D500D116E8 /* UIView */,
				FE43268A2C8F7A3100D116E8 /* DetailScreen */,
				FE4326802C8F2BB300D116E8 /* Service */,
				FE43267A2C8F265800D116E8 /* SearchScreen */,
				FE4326732C8F25B600D116E8 /* NavigationLayer */,
				FE43267F2C8F290100D116E8 /* Application */,
				FE4326722C8F249400D116E8 /* Support */,
				FE43266C2C8F248400D116E8 /* Info.plist */,
			);
			path = "Test-vacc-Avito";
			sourceTree = "<group>";
		};
		FE4326722C8F249400D116E8 /* Support */ = {
			isa = PBXGroup;
			children = (
				FE4326672C8F248400D116E8 /* Assets.xcassets */,
				FE4326692C8F248400D116E8 /* LaunchScreen.storyboard */,
				FE4326A02C912A1F00D116E8 /* Colors.swift */,
			);
			path = Support;
			sourceTree = "<group>";
		};
		FE4326732C8F25B600D116E8 /* NavigationLayer */ = {
			isa = PBXGroup;
			children = (
				FE4326742C8F25CA00D116E8 /* BaseCoordinator.swift */,
				FE4326762C8F25EE00D116E8 /* AppCoordinator.swift */,
				FE4326782C8F260F00D116E8 /* MainCoordinator.swift */,
			);
			path = NavigationLayer;
			sourceTree = "<group>";
		};
		FE43267A2C8F265800D116E8 /* SearchScreen */ = {
			isa = PBXGroup;
			children = (
				FE4326852C8F363700D116E8 /* Cell */,
				FE4326BD2C93668200D116E8 /* ViewModel */,
				FE4326BE2C93668C00D116E8 /* ViewController */,
				FE4326BB2C93663700D116E8 /* Model */,
				FE4326BC2C93667500D116E8 /* CustomView */,
			);
			path = SearchScreen;
			sourceTree = "<group>";
		};
		FE43267F2C8F290100D116E8 /* Application */ = {
			isa = PBXGroup;
			children = (
				FE43265E2C8F248200D116E8 /* AppDelegate.swift */,
				FE4326602C8F248200D116E8 /* SceneDelegate.swift */,
			);
			path = Application;
			sourceTree = "<group>";
		};
		FE4326802C8F2BB300D116E8 /* Service */ = {
			isa = PBXGroup;
			children = (
				FE4326812C8F2BC100D116E8 /* NetworkService.swift */,
				FE4326882C8F3E7A00D116E8 /* ImageLoader.swift */,
			);
			path = Service;
			sourceTree = "<group>";
		};
		FE4326852C8F363700D116E8 /* Cell */ = {
			isa = PBXGroup;
			children = (
				FE4326862C8F364200D116E8 /* PhotoCell.swift */,
				FE4326AF2C920FA300D116E8 /* TopicCell.swift */,
			);
			path = Cell;
			sourceTree = "<group>";
		};
		FE43268A2C8F7A3100D116E8 /* DetailScreen */ = {
			isa = PBXGroup;
			children = (
				FE43268B2C8F7A4700D116E8 /* DetailViewController.swift */,
				FE43268E2C8F7E4A00D116E8 /* DetailViewModel.swift */,
				FE4326952C8FC5A200D116E8 /* DetailStubView.swift */,
			);
			path = DetailScreen;
			sourceTree = "<group>";
		};
		FE4326902C8F84D500D116E8 /* UIView */ = {
			isa = PBXGroup;
			children = (
				FE4326912C8F84ED00D116E8 /* LoadingAnimate.swift */,
				FE4326992C90F7F400D116E8 /* MansoryLayout.swift */,
				FE4326A52C9130D200D116E8 /* ExtensionColor.swift */,
				FE4326A72C913BBB00D116E8 /* CustomCheckmarkView.swift */,
				FE4326B92C92610500D116E8 /* UserDefaults.swift */,
			);
			path = UIView;
			sourceTree = "<group>";
		};
		FE43269B2C91228D00D116E8 /* SettingScreen */ = {
			isa = PBXGroup;
			children = (
				FE43269C2C9122A700D116E8 /* SettingViewController.swift */,
				FE43269E2C9125D700D116E8 /* SectionModel.swift */,
				FE4326A42C912BB500D116E8 /* Cell */,
				FE4326C02C936E5E00D116E8 /* SearchParameters.swift */,
			);
			path = SettingScreen;
			sourceTree = "<group>";
		};
		FE4326A42C912BB500D116E8 /* Cell */ = {
			isa = PBXGroup;
			children = (
				FE4326A22C912BAA00D116E8 /* ColorSettingTableViewCell.swift */,
				FE4326A92C913C1700D116E8 /* CustomTableViewCell.swift */,
			);
			path = Cell;
			sourceTree = "<group>";
		};
		FE4326BB2C93663700D116E8 /* Model */ = {
			isa = PBXGroup;
			children = (
				FE4326832C8F322E00D116E8 /* SearchModel.swift */,
				FE4326AD2C91E0EE00D116E8 /* TopicModel.swift */,
			);
			path = Model;
			sourceTree = "<group>";
		};
		FE4326BC2C93667500D116E8 /* CustomView */ = {
			isa = PBXGroup;
			children = (
				FE4326B12C9225D100D116E8 /* PartialModalView.swift */,
			);
			path = CustomView;
			sourceTree = "<group>";
		};
		FE4326BD2C93668200D116E8 /* ViewModel */ = {
			isa = PBXGroup;
			children = (
				FE43267B2C8F266600D116E8 /* SearchViewModel.swift */,
			);
			path = ViewModel;
			sourceTree = "<group>";
		};
		FE4326BE2C93668C00D116E8 /* ViewController */ = {
			isa = PBXGroup;
			children = (
				FE43267D2C8F267100D116E8 /* SearchViewController.swift */,
			);
			path = ViewController;
			sourceTree = "<group>";
		};
/* End PBXGroup section */

/* Begin PBXNativeTarget section */
		FE43265A2C8F248200D116E8 /* Test-vacc-Avito */ = {
			isa = PBXNativeTarget;
			buildConfigurationList = FE43266F2C8F248400D116E8 /* Build configuration list for PBXNativeTarget "Test-vacc-Avito" */;
			buildPhases = (
				FE4326572C8F248200D116E8 /* Sources */,
				FE4326582C8F248200D116E8 /* Frameworks */,
				FE4326592C8F248200D116E8 /* Resources */,
			);
			buildRules = (
			);
			dependencies = (
			);
			name = "Test-vacc-Avito";
			productName = "Test-vacc-Avito";
			productReference = FE43265B2C8F248200D116E8 /* Test-vacc-Avito.app */;
			productType = "com.apple.product-type.application";
		};
/* End PBXNativeTarget section */

/* Begin PBXProject section */
		FE4326532C8F248200D116E8 /* Project object */ = {
			isa = PBXProject;
			attributes = {
				BuildIndependentTargetsInParallel = 1;
				LastSwiftUpdateCheck = 1520;
				LastUpgradeCheck = 1520;
				TargetAttributes = {
					FE43265A2C8F248200D116E8 = {
						CreatedOnToolsVersion = 15.2;
					};
				};
			};
			buildConfigurationList = FE4326562C8F248200D116E8 /* Build configuration list for PBXProject "Test-vacc-Avito" */;
			compatibilityVersion = "Xcode 14.0";
			developmentRegion = en;
			hasScannedForEncodings = 0;
			knownRegions = (
				en,
				Base,
			);
			mainGroup = FE4326522C8F248200D116E8;
			productRefGroup = FE43265C2C8F248200D116E8 /* Products */;
			projectDirPath = "";
			projectRoot = "";
			targets = (
				FE43265A2C8F248200D116E8 /* Test-vacc-Avito */,
			);
		};
/* End PBXProject section */

/* Begin PBXResourcesBuildPhase section */
		FE4326592C8F248200D116E8 /* Resources */ = {
			isa = PBXResourcesBuildPhase;
			buildActionMask = 2147483647;
			files = (
				FE43266B2C8F248400D116E8 /* LaunchScreen.storyboard in Resources */,
				FE4326682C8F248400D116E8 /* Assets.xcassets in Resources */,
			);
			runOnlyForDeploymentPostprocessing = 0;
		};
/* End PBXResourcesBuildPhase section */

/* Begin PBXSourcesBuildPhase section */
		FE4326572C8F248200D116E8 /* Sources */ = {
			isa = PBXSourcesBuildPhase;
			buildActionMask = 2147483647;
			files = (
				FE4326BA2C92610500D116E8 /* UserDefaults.swift in Sources */,
				FE43267C2C8F266600D116E8 /* SearchViewModel.swift in Sources */,
				FE4326A12C912A1F00D116E8 /* Colors.swift in Sources */,
				FE43267E2C8F267100D116E8 /* SearchViewController.swift in Sources */,
				FE4326922C8F84ED00D116E8 /* LoadingAnimate.swift in Sources */,
				FE4326792C8F260F00D116E8 /* MainCoordinator.swift in Sources */,
				FE43269D2C9122A700D116E8 /* SettingViewController.swift in Sources */,
				FE4326B22C9225D100D116E8 /* PartialModalView.swift in Sources */,
				FE43269F2C9125D700D116E8 /* SectionModel.swift in Sources */,
				FE43268C2C8F7A4700D116E8 /* DetailViewController.swift in Sources */,
				FE4326842C8F322E00D116E8 /* SearchModel.swift in Sources */,
				FE4326AE2C91E0EE00D116E8 /* TopicModel.swift in Sources */,
				FE43269A2C90F7F400D116E8 /* MansoryLayout.swift in Sources */,
				FE4326A82C913BBB00D116E8 /* CustomCheckmarkView.swift in Sources */,
				FE43265F2C8F248200D116E8 /* AppDelegate.swift in Sources */,
				FE4326892C8F3E7A00D116E8 /* ImageLoader.swift in Sources */,
				FE4326772C8F25EE00D116E8 /* AppCoordinator.swift in Sources */,
				FE4326872C8F364200D116E8 /* PhotoCell.swift in Sources */,
				FE4326B02C920FA300D116E8 /* TopicCell.swift in Sources */,
				FE4326C12C936E5E00D116E8 /* SearchParameters.swift in Sources */,
				FE4326962C8FC5A200D116E8 /* DetailStubView.swift in Sources */,
				FE43268F2C8F7E4A00D116E8 /* DetailViewModel.swift in Sources */,
				FE4326AA2C913C1700D116E8 /* CustomTableViewCell.swift in Sources */,
				FE4326822C8F2BC100D116E8 /* NetworkService.swift in Sources */,
				FE4326A32C912BAA00D116E8 /* ColorSettingTableViewCell.swift in Sources */,
				FE4326612C8F248200D116E8 /* SceneDelegate.swift in Sources */,
				FE4326752C8F25CA00D116E8 /* BaseCoordinator.swift in Sources */,
				FE4326A62C9130D200D116E8 /* ExtensionColor.swift in Sources */,
			);
			runOnlyForDeploymentPostprocessing = 0;
		};
/* End PBXSourcesBuildPhase section */

/* Begin PBXVariantGroup section */
		FE4326692C8F248400D116E8 /* LaunchScreen.storyboard */ = {
			isa = PBXVariantGroup;
			children = (
				FE43266A2C8F248400D116E8 /* Base */,
			);
			name = LaunchScreen.storyboard;
			sourceTree = "<group>";
		};
/* End PBXVariantGroup section */

/* Begin XCBuildConfiguration section */
		FE43266D2C8F248400D116E8 /* Debug */ = {
			isa = XCBuildConfiguration;
			buildSettings = {
				ALWAYS_SEARCH_USER_PATHS = NO;
				ASSETCATALOG_COMPILER_GENERATE_SWIFT_ASSET_SYMBOL_EXTENSIONS = YES;
				CLANG_ANALYZER_NONNULL = YES;
				CLANG_ANALYZER_NUMBER_OBJECT_CONVERSION = YES_AGGRESSIVE;
				CLANG_CXX_LANGUAGE_STANDARD = "gnu++20";
				CLANG_ENABLE_MODULES = YES;
				CLANG_ENABLE_OBJC_ARC = YES;
				CLANG_ENABLE_OBJC_WEAK = YES;
				CLANG_WARN_BLOCK_CAPTURE_AUTORELEASING = YES;
				CLANG_WARN_BOOL_CONVERSION = YES;
				CLANG_WARN_COMMA = YES;
				CLANG_WARN_CONSTANT_CONVERSION = YES;
				CLANG_WARN_DEPRECATED_OBJC_IMPLEMENTATIONS = YES;
				CLANG_WARN_DIRECT_OBJC_ISA_USAGE = YES_ERROR;
				CLANG_WARN_DOCUMENTATION_COMMENTS = YES;
				CLANG_WARN_EMPTY_BODY = YES;
				CLANG_WARN_ENUM_CONVERSION = YES;
				CLANG_WARN_INFINITE_RECURSION = YES;
				CLANG_WARN_INT_CONVERSION = YES;
				CLANG_WARN_NON_LITERAL_NULL_CONVERSION = YES;
				CLANG_WARN_OBJC_IMPLICIT_RETAIN_SELF = YES;
				CLANG_WARN_OBJC_LITERAL_CONVERSION = YES;
				CLANG_WARN_OBJC_ROOT_CLASS = YES_ERROR;
				CLANG_WARN_QUOTED_INCLUDE_IN_FRAMEWORK_HEADER = YES;
				CLANG_WARN_RANGE_LOOP_ANALYSIS = YES;
				CLANG_WARN_STRICT_PROTOTYPES = YES;
				CLANG_WARN_SUSPICIOUS_MOVE = YES;
				CLANG_WARN_UNGUARDED_AVAILABILITY = YES_AGGRESSIVE;
				CLANG_WARN_UNREACHABLE_CODE = YES;
				CLANG_WARN__DUPLICATE_METHOD_MATCH = YES;
				COPY_PHASE_STRIP = NO;
				DEBUG_INFORMATION_FORMAT = dwarf;
				ENABLE_STRICT_OBJC_MSGSEND = YES;
				ENABLE_TESTABILITY = YES;
				ENABLE_USER_SCRIPT_SANDBOXING = YES;
				GCC_C_LANGUAGE_STANDARD = gnu17;
				GCC_DYNAMIC_NO_PIC = NO;
				GCC_NO_COMMON_BLOCKS = YES;
				GCC_OPTIMIZATION_LEVEL = 0;
				GCC_PREPROCESSOR_DEFINITIONS = (
					"DEBUG=1",
					"$(inherited)",
				);
				GCC_WARN_64_TO_32_BIT_CONVERSION = YES;
				GCC_WARN_ABOUT_RETURN_TYPE = YES_ERROR;
				GCC_WARN_UNDECLARED_SELECTOR = YES;
				GCC_WARN_UNINITIALIZED_AUTOS = YES_AGGRESSIVE;
				GCC_WARN_UNUSED_FUNCTION = YES;
				GCC_WARN_UNUSED_VARIABLE = YES;
				IPHONEOS_DEPLOYMENT_TARGET = 17.2;
				LOCALIZATION_PREFERS_STRING_CATALOGS = YES;
				MTL_ENABLE_DEBUG_INFO = INCLUDE_SOURCE;
				MTL_FAST_MATH = YES;
				ONLY_ACTIVE_ARCH = YES;
				SDKROOT = iphoneos;
				SWIFT_ACTIVE_COMPILATION_CONDITIONS = "DEBUG $(inherited)";
				SWIFT_OPTIMIZATION_LEVEL = "-Onone";
			};
			name = Debug;
		};
		FE43266E2C8F248400D116E8 /* Release */ = {
			isa = XCBuildConfiguration;
			buildSettings = {
				ALWAYS_SEARCH_USER_PATHS = NO;
				ASSETCATALOG_COMPILER_GENERATE_SWIFT_ASSET_SYMBOL_EXTENSIONS = YES;
				CLANG_ANALYZER_NONNULL = YES;
				CLANG_ANALYZER_NUMBER_OBJECT_CONVERSION = YES_AGGRESSIVE;
				CLANG_CXX_LANGUAGE_STANDARD = "gnu++20";
				CLANG_ENABLE_MODULES = YES;
				CLANG_ENABLE_OBJC_ARC = YES;
				CLANG_ENABLE_OBJC_WEAK = YES;
				CLANG_WARN_BLOCK_CAPTURE_AUTORELEASING = YES;
				CLANG_WARN_BOOL_CONVERSION = YES;
				CLANG_WARN_COMMA = YES;
				CLANG_WARN_CONSTANT_CONVERSION = YES;
				CLANG_WARN_DEPRECATED_OBJC_IMPLEMENTATIONS = YES;
				CLANG_WARN_DIRECT_OBJC_ISA_USAGE = YES_ERROR;
				CLANG_WARN_DOCUMENTATION_COMMENTS = YES;
				CLANG_WARN_EMPTY_BODY = YES;
				CLANG_WARN_ENUM_CONVERSION = YES;
				CLANG_WARN_INFINITE_RECURSION = YES;
				CLANG_WARN_INT_CONVERSION = YES;
				CLANG_WARN_NON_LITERAL_NULL_CONVERSION = YES;
				CLANG_WARN_OBJC_IMPLICIT_RETAIN_SELF = YES;
				CLANG_WARN_OBJC_LITERAL_CONVERSION = YES;
				CLANG_WARN_OBJC_ROOT_CLASS = YES_ERROR;
				CLANG_WARN_QUOTED_INCLUDE_IN_FRAMEWORK_HEADER = YES;
				CLANG_WARN_RANGE_LOOP_ANALYSIS = YES;
				CLANG_WARN_STRICT_PROTOTYPES = YES;
				CLANG_WARN_SUSPICIOUS_MOVE = YES;
				CLANG_WARN_UNGUARDED_AVAILABILITY = YES_AGGRESSIVE;
				CLANG_WARN_UNREACHABLE_CODE = YES;
				CLANG_WARN__DUPLICATE_METHOD_MATCH = YES;
				COPY_PHASE_STRIP = NO;
				DEBUG_INFORMATION_FORMAT = "dwarf-with-dsym";
				ENABLE_NS_ASSERTIONS = NO;
				ENABLE_STRICT_OBJC_MSGSEND = YES;
				ENABLE_USER_SCRIPT_SANDBOXING = YES;
				GCC_C_LANGUAGE_STANDARD = gnu17;
				GCC_NO_COMMON_BLOCKS = YES;
				GCC_WARN_64_TO_32_BIT_CONVERSION = YES;
				GCC_WARN_ABOUT_RETURN_TYPE = YES_ERROR;
				GCC_WARN_UNDECLARED_SELECTOR = YES;
				GCC_WARN_UNINITIALIZED_AUTOS = YES_AGGRESSIVE;
				GCC_WARN_UNUSED_FUNCTION = YES;
				GCC_WARN_UNUSED_VARIABLE = YES;
				IPHONEOS_DEPLOYMENT_TARGET = 17.2;
				LOCALIZATION_PREFERS_STRING_CATALOGS = YES;
				MTL_ENABLE_DEBUG_INFO = NO;
				MTL_FAST_MATH = YES;
				SDKROOT = iphoneos;
				SWIFT_COMPILATION_MODE = wholemodule;
				VALIDATE_PRODUCT = YES;
			};
			name = Release;
		};
		FE4326702C8F248400D116E8 /* Debug */ = {
			isa = XCBuildConfiguration;
			buildSettings = {
				ASSETCATALOG_COMPILER_APPICON_NAME = AppIcon;
				ASSETCATALOG_COMPILER_GLOBAL_ACCENT_COLOR_NAME = AccentColor;
				CODE_SIGN_STYLE = Automatic;
				CURRENT_PROJECT_VERSION = 1;
				DEVELOPMENT_TEAM = 84HMKC95WY;
				GENERATE_INFOPLIST_FILE = YES;
				INFOPLIST_FILE = "Test-vacc-Avito/Info.plist";
				INFOPLIST_KEY_UIApplicationSupportsIndirectInputEvents = YES;
				INFOPLIST_KEY_UILaunchStoryboardName = LaunchScreen;
				INFOPLIST_KEY_UISupportedInterfaceOrientations_iPad = "UIInterfaceOrientationPortrait UIInterfaceOrientationPortraitUpsideDown UIInterfaceOrientationLandscapeLeft UIInterfaceOrientationLandscapeRight";
				INFOPLIST_KEY_UISupportedInterfaceOrientations_iPhone = "UIInterfaceOrientationPortrait UIInterfaceOrientationLandscapeLeft UIInterfaceOrientationLandscapeRight";
				IPHONEOS_DEPLOYMENT_TARGET = 16.0;
				LD_RUNPATH_SEARCH_PATHS = (
					"$(inherited)",
					"@executable_path/Frameworks",
				);
				MARKETING_VERSION = 1.0;
				PRODUCT_BUNDLE_IDENTIFIER = "Allison.Test-vacc-Avito";
				PRODUCT_NAME = "$(TARGET_NAME)";
				SUPPORTED_PLATFORMS = "iphoneos iphonesimulator";
				SUPPORTS_MACCATALYST = NO;
				SUPPORTS_MAC_DESIGNED_FOR_IPHONE_IPAD = NO;
				SUPPORTS_XR_DESIGNED_FOR_IPHONE_IPAD = NO;
				SWIFT_EMIT_LOC_STRINGS = YES;
				SWIFT_VERSION = 5.0;
				TARGETED_DEVICE_FAMILY = 1;
			};
			name = Debug;
		};
		FE4326712C8F248400D116E8 /* Release */ = {
			isa = XCBuildConfiguration;
			buildSettings = {
				ASSETCATALOG_COMPILER_APPICON_NAME = AppIcon;
				ASSETCATALOG_COMPILER_GLOBAL_ACCENT_COLOR_NAME = AccentColor;
				CODE_SIGN_STYLE = Automatic;
				CURRENT_PROJECT_VERSION = 1;
				DEVELOPMENT_TEAM = 84HMKC95WY;
				GENERATE_INFOPLIST_FILE = YES;
				INFOPLIST_FILE = "Test-vacc-Avito/Info.plist";
				INFOPLIST_KEY_UIApplicationSupportsIndirectInputEvents = YES;
				INFOPLIST_KEY_UILaunchStoryboardName = LaunchScreen;
				INFOPLIST_KEY_UISupportedInterfaceOrientations_iPad = "UIInterfaceOrientationPortrait UIInterfaceOrientationPortraitUpsideDown UIInterfaceOrientationLandscapeLeft UIInterfaceOrientationLandscapeRight";
				INFOPLIST_KEY_UISupportedInterfaceOrientations_iPhone = "UIInterfaceOrientationPortrait UIInterfaceOrientationLandscapeLeft UIInterfaceOrientationLandscapeRight";
				IPHONEOS_DEPLOYMENT_TARGET = 16.0;
				LD_RUNPATH_SEARCH_PATHS = (
					"$(inherited)",
					"@executable_path/Frameworks",
				);
				MARKETING_VERSION = 1.0;
				PRODUCT_BUNDLE_IDENTIFIER = "Allison.Test-vacc-Avito";
				PRODUCT_NAME = "$(TARGET_NAME)";
				SUPPORTED_PLATFORMS = "iphoneos iphonesimulator";
				SUPPORTS_MACCATALYST = NO;
				SUPPORTS_MAC_DESIGNED_FOR_IPHONE_IPAD = NO;
				SUPPORTS_XR_DESIGNED_FOR_IPHONE_IPAD = NO;
				SWIFT_EMIT_LOC_STRINGS = YES;
				SWIFT_VERSION = 5.0;
				TARGETED_DEVICE_FAMILY = 1;
			};
			name = Release;
		};
/* End XCBuildConfiguration section */

/* Begin XCConfigurationList section */
		FE4326562C8F248200D116E8 /* Build configuration list for PBXProject "Test-vacc-Avito" */ = {
			isa = XCConfigurationList;
			buildConfigurations = (
				FE43266D2C8F248400D116E8 /* Debug */,
				FE43266E2C8F248400D116E8 /* Release */,
			);
			defaultConfigurationIsVisible = 0;
			defaultConfigurationName = Release;
		};
		FE43266F2C8F248400D116E8 /* Build configuration list for PBXNativeTarget "Test-vacc-Avito" */ = {
			isa = XCConfigurationList;
			buildConfigurations = (
				FE4326702C8F248400D116E8 /* Debug */,
				FE4326712C8F248400D116E8 /* Release */,
			);
			defaultConfigurationIsVisible = 0;
			defaultConfigurationName = Release;
		};
/* End XCConfigurationList section */
	};
	rootObject = FE4326532C8F248200D116E8 /* Project object */;
}
